{
  "nodes": {
    "agenix": {
      "inputs": {
        "nixpkgs": [
          "homelab-secrets",
          "nixpkgs"
        ]
      },
      "locked": {
        "lastModified": 1641576265,
        "narHash": "sha256-G4W39k5hdu2kS13pi/RhyTOySAo7rmrs7yMUZRH0OZI=",
        "owner": "ryantm",
        "repo": "agenix",
        "rev": "08b9c96878b2f9974fc8bde048273265ad632357",
        "type": "github"
      },
      "original": {
        "owner": "ryantm",
        "repo": "agenix",
        "type": "github"
      }
    },
    "homelab-secrets": {
      "inputs": {
        "agenix": "agenix",
        "nixpkgs": "nixpkgs"
      },
      "locked": {
        "lastModified": 1642379762,
        "narHash": "sha256-IAAX7u5MhsIAzmhVa5FIeC4FJvTSRfZP3ZNcBAYZzBo=",
        "ref": "master",
        "rev": "a61c1e422ead5fc1ac4b0718bf5794b9fac51252",
        "revCount": 5,
        "type": "git",
        "url": "ssh://git@github.com/jali-clarke/homelab-secrets"
      },
      "original": {
        "type": "git",
        "url": "ssh://git@github.com/jali-clarke/homelab-secrets"
      }
    },
    "nixlib": {
      "locked": {
        "lastModified": 1624753224,
        "narHash": "sha256-ZUEcPzgU1w8ZYeEgfcpzeciYcZShQZbEfRN2tV+K2yQ=",
        "owner": "nix-community",
        "repo": "nixpkgs.lib",
        "rev": "7b4dc08734c5c4703b22b9c780417042e1c8f020",
        "type": "github"
      },
      "original": {
        "owner": "nix-community",
        "repo": "nixpkgs.lib",
        "type": "github"
      }
    },
    "nixos-generators": {
      "inputs": {
        "nixlib": "nixlib",
        "nixpkgs": "nixpkgs_2"
      },
      "locked": {
        "lastModified": 1631540431,
        "narHash": "sha256-pE1HceOp7lCdcbPGrKkVMlWWTwfQwj8NSg75w+32mdA=",
        "owner": "nix-community",
        "repo": "nixos-generators",
        "rev": "5f215d70a2f1b8bc58a48ecea1f0d025450f3ae3",
        "type": "github"
      },
      "original": {
        "owner": "nix-community",
        "repo": "nixos-generators",
        "type": "github"
      }
    },
    "nixpkgs": {
      "locked": {
        "lastModified": 1642373004,
        "narHash": "sha256-AZ1fTklT9OkLFtmZ8qMbQ2Uf1dF0+np3WjnTIIquApA=",
        "owner": "NixOS",
        "repo": "nixpkgs",
        "rev": "b13052a35a63e1ea9eba916ffe48886ab7af58ce",
        "type": "github"
      },
      "original": {
        "owner": "NixOS",
        "repo": "nixpkgs",
        "type": "github"
      }
    },
    "nixpkgs_2": {
      "locked": {
        "lastModified": 1619285658,
        "narHash": "sha256-GKbj/KKo8Z2WsEURFtWHbPI917NrUnD4H2J4lKUsSWI=",
        "owner": "NixOS",
        "repo": "nixpkgs",
        "rev": "118485230c02d13f62133bce43177ffd49495694",
        "type": "github"
      },
      "original": {
        "owner": "NixOS",
        "ref": "nixpkgs-unstable",
        "repo": "nixpkgs",
        "type": "github"
      }
    },
    "nixpkgs_3": {
      "locked": {
        "lastModified": 1638868208,
        "narHash": "sha256-f56OeS3//YMT8MNnb9plQUYgQpSRR3e4pah//d60m4o=",
        "owner": "nixos",
        "repo": "nixpkgs",
        "rev": "535c1e5a72e1bf15b71ed1a59de84a9ae7a0eb91",
        "type": "github"
      },
      "original": {
        "owner": "nixos",
        "repo": "nixpkgs",
        "rev": "535c1e5a72e1bf15b71ed1a59de84a9ae7a0eb91",
        "type": "github"
      }
    },
    "root": {
      "inputs": {
        "homelab-secrets": "homelab-secrets",
        "nixos-generators": "nixos-generators",
        "nixpkgs": "nixpkgs_3"
      }
    }
  },
  "root": "root",
  "version": 7
}
