{
  "nodes": {
    "agenix": {
      "inputs": {
        "nixpkgs": [
          "homelab-secrets",
          "nixpkgs"
        ]
      },
      "locked": {
        "lastModified": 1637439787,
        "narHash": "sha256-+ov6MEVmyVdJBjRZxqPdhURLUkIgallbS5eqDVHh+gs=",
        "owner": "ryantm",
        "repo": "agenix",
        "rev": "4fefd7cfffd548c04510c69c3f3e8e2be032412f",
        "type": "github"
      },
      "original": {
        "owner": "ryantm",
        "ref": "0.10.1",
        "repo": "agenix",
        "type": "github"
      }
    },
    "flake-utils": {
      "locked": {
        "lastModified": 1644229661,
        "narHash": "sha256-1YdnJAsNy69bpcjuoKdOYQX0YxZBiCYZo4Twxerqv7k=",
        "owner": "numtide",
        "repo": "flake-utils",
        "rev": "3cecb5b042f7f209c56ffd8371b2711a290ec797",
        "type": "github"
      },
      "original": {
        "owner": "numtide",
        "repo": "flake-utils",
        "type": "github"
      }
    },
    "flake-utils_2": {
      "locked": {
        "lastModified": 1653893745,
        "narHash": "sha256-0jntwV3Z8//YwuOjzhV2sgJJPt+HY6KhU7VZUL0fKZQ=",
        "owner": "numtide",
        "repo": "flake-utils",
        "rev": "1ed9fb1935d260de5fe1c2f7ee0ebaae17ed2fa1",
        "type": "github"
      },
      "original": {
        "owner": "numtide",
        "repo": "flake-utils",
        "type": "github"
      }
    },
    "homelab-secrets": {
      "inputs": {
        "agenix": "agenix",
        "flake-utils": "flake-utils_2",
        "nixpkgs": "nixpkgs"
      },
      "locked": {
        "lastModified": 1662218351,
        "narHash": "sha256-n5CK03nU2k88i8JnDmJTjR6tGp2ymwGxzPsDIxrCtPo=",
        "ref": "refs/heads/master",
        "rev": "ae005597f71cda293dc6eee6b6688b59e21ded55",
        "revCount": 28,
        "type": "git",
        "url": "ssh://git@github.com/jali-clarke/homelab-secrets"
      },
      "original": {
        "type": "git",
        "url": "ssh://git@github.com/jali-clarke/homelab-secrets"
      }
    },
    "nixos-hardware": {
      "locked": {
        "lastModified": 1658401027,
        "narHash": "sha256-z/sDfzsFOoWNO9nZGfxDCNjHqXvSVZLDBDSgzr9qDXE=",
        "owner": "NixOS",
        "repo": "nixos-hardware",
        "rev": "83009edccc2e24afe3d0165ed98b60ff7471a5f8",
        "type": "github"
      },
      "original": {
        "owner": "NixOS",
        "repo": "nixos-hardware",
        "type": "github"
      }
    },
    "nixpkgs": {
      "locked": {
        "lastModified": 1654245945,
        "narHash": "sha256-PV6MZ+HuNnyLxQGa2rwt0BmCRkQS2xqhc+SeJLQM+WU=",
        "owner": "NixOS",
        "repo": "nixpkgs",
        "rev": "442db9429b9fbdb6352cfb937afc8ecccfe2633f",
        "type": "github"
      },
      "original": {
        "owner": "NixOS",
        "ref": "nixpkgs-unstable",
        "repo": "nixpkgs",
        "type": "github"
      }
    },
    "nixpkgs_2": {
      "locked": {
        "lastModified": 1663578619,
        "narHash": "sha256-kNgJXZIr4pi2NbDUfjj4APa+LlCmRUM4Ly2Xf70PVaw=",
        "owner": "NixOS",
        "repo": "nixpkgs",
        "rev": "a13d59408da1108fc6c9ffe4750ab7a33c581d24",
        "type": "github"
      },
      "original": {
        "owner": "NixOS",
        "ref": "nixpkgs-unstable",
        "repo": "nixpkgs",
        "type": "github"
      }
    },
    "root": {
      "inputs": {
        "flake-utils": "flake-utils",
        "homelab-secrets": "homelab-secrets",
        "nixos-hardware": "nixos-hardware",
        "nixpkgs": "nixpkgs_2"
      }
    }
  },
  "root": "root",
  "version": 7
}
