{
  "nodes": {
    "nixpkgs": {
      "locked": {
        "lastModified": 1605218886,
        "narHash": "sha256-OiZfyNrK7pcnsqoQeewUlvARn0Y+bWf5PA5H1jxbnMc=",
        "owner": "NixOS",
        "repo": "nixpkgs",
        "rev": "bd2d98d6c275c95d4d5b4fa673bb803ad55b323b",
        "type": "github"
      },
      "original": {
        "id": "nixpkgs",
        "type": "indirect"
      }
    },
    "root": {
      "inputs": {
        "nixpkgs": "nixpkgs"
      }
    }
  },
  "root": "root",
  "version": 7
}
