{
  "nodes": {
    "nixpkgs": {
      "locked": {
        "lastModified": 1605135417,
        "narHash": "sha256-oo/rlJ9myUBMORiOmr4+sd0MWBqaHx/92EYXRDf/oxs=",
        "owner": "NixOS",
        "repo": "nixpkgs",
        "rev": "a52b343b39716017ee3fddc15b4de8ed28341928",
        "type": "github"
      },
      "original": {
        "id": "nixpkgs",
        "type": "indirect"
      }
    },
    "root": {
      "inputs": {
        "nixpkgs": "nixpkgs"
      }
    }
  },
  "root": "root",
  "version": 7
}
